// !$*UTF8*$!
{
	archiveVersion = 1;
	classes = {
	};
	objectVersion = 46;
	objects = {

/* Begin PBXBuildFile section */
		5AB1726C18C433470080A91A /* Foundation.framework in Frameworks */ = {isa = PBXBuildFile; fileRef = 5AB1726B18C433470080A91A /* Foundation.framework */; };
		5AB1726E18C433470080A91A /* CoreGraphics.framework in Frameworks */ = {isa = PBXBuildFile; fileRef = 5AB1726D18C433470080A91A /* CoreGraphics.framework */; };
		5AB1727018C433470080A91A /* UIKit.framework in Frameworks */ = {isa = PBXBuildFile; fileRef = 5AB1726F18C433470080A91A /* UIKit.framework */; };
		5AB1727618C433470080A91A /* InfoPlist.strings in Resources */ = {isa = PBXBuildFile; fileRef = 5AB1727418C433470080A91A /* InfoPlist.strings */; };
		5AB1727818C433470080A91A /* main.m in Sources */ = {isa = PBXBuildFile; fileRef = 5AB1727718C433470080A91A /* main.m */; };
		5AB1727C18C433470080A91A /* AppDelegate.m in Sources */ = {isa = PBXBuildFile; fileRef = 5AB1727B18C433470080A91A /* AppDelegate.m */; };
		5AB1727F18C433470080A91A /* Main.storyboard in Resources */ = {isa = PBXBuildFile; fileRef = 5AB1727D18C433470080A91A /* Main.storyboard */; };
		5AB1728218C433470080A91A /* ViewController.m in Sources */ = {isa = PBXBuildFile; fileRef = 5AB1728118C433470080A91A /* ViewController.m */; };
		5AB1728418C433470080A91A /* Images.xcassets in Resources */ = {isa = PBXBuildFile; fileRef = 5AB1728318C433470080A91A /* Images.xcassets */; };
		5AB1728B18C433470080A91A /* XCTest.framework in Frameworks */ = {isa = PBXBuildFile; fileRef = 5AB1728A18C433470080A91A /* XCTest.framework */; };
		5AB1728C18C433470080A91A /* Foundation.framework in Frameworks */ = {isa = PBXBuildFile; fileRef = 5AB1726B18C433470080A91A /* Foundation.framework */; };
		5AB1728D18C433470080A91A /* UIKit.framework in Frameworks */ = {isa = PBXBuildFile; fileRef = 5AB1726F18C433470080A91A /* UIKit.framework */; };
		5AB1729518C433470080A91A /* InfoPlist.strings in Resources */ = {isa = PBXBuildFile; fileRef = 5AB1729318C433470080A91A /* InfoPlist.strings */; };
		5AB1729718C433470080A91A /* ModalViewSampleTests.m in Sources */ = {isa = PBXBuildFile; fileRef = 5AB1729618C433470080A91A /* ModalViewSampleTests.m */; };
		5AB172A218C434960080A91A /* RegisterViewController.m in Sources */ = {isa = PBXBuildFile; fileRef = 5AB172A118C434960080A91A /* RegisterViewController.m */; };
/* End PBXBuildFile section */

/* Begin PBXContainerItemProxy section */
		5AB1728E18C433470080A91A /* PBXContainerItemProxy */ = {
			isa = PBXContainerItemProxy;
			containerPortal = 5AB1726018C433470080A91A /* Project object */;
			proxyType = 1;
			remoteGlobalIDString = 5AB1726718C433470080A91A;
			remoteInfo = ModalViewSample;
		};
/* End PBXContainerItemProxy section */

/* Begin PBXFileReference section */
		5AB1726818C433470080A91A /* ModalViewSample.app */ = {isa = PBXFileReference; explicitFileType = wrapper.application; includeInIndex = 0; path = ModalViewSample.app; sourceTree = BUILT_PRODUCTS_DIR; };
		5AB1726B18C433470080A91A /* Foundation.framework */ = {isa = PBXFileReference; lastKnownFileType = wrapper.framework; name = Foundation.framework; path = System/Library/Frameworks/Foundation.framework; sourceTree = SDKROOT; };
		5AB1726D18C433470080A91A /* CoreGraphics.framework */ = {isa = PBXFileReference; lastKnownFileType = wrapper.framework; name = CoreGraphics.framework; path = System/Library/Frameworks/CoreGraphics.framework; sourceTree = SDKROOT; };
		5AB1726F18C433470080A91A /* UIKit.framework */ = {isa = PBXFileReference; lastKnownFileType = wrapper.framework; name = UIKit.framework; path = System/Library/Frameworks/UIKit.framework; sourceTree = SDKROOT; };
		5AB1727318C433470080A91A /* ModalViewSample-Info.plist */ = {isa = PBXFileReference; lastKnownFileType = text.plist.xml; path = "ModalViewSample-Info.plist"; sourceTree = "<group>"; };
		5AB1727518C433470080A91A /* en */ = {isa = PBXFileReference; lastKnownFileType = text.plist.strings; name = en; path = en.lproj/InfoPlist.strings; sourceTree = "<group>"; };
		5AB1727718C433470080A91A /* main.m */ = {isa = PBXFileReference; lastKnownFileType = sourcecode.c.objc; path = main.m; sourceTree = "<group>"; };
		5AB1727918C433470080A91A /* ModalViewSample-Prefix.pch */ = {isa = PBXFileReference; lastKnownFileType = sourcecode.c.h; path = "ModalViewSample-Prefix.pch"; sourceTree = "<group>"; };
		5AB1727A18C433470080A91A /* AppDelegate.h */ = {isa = PBXFileReference; lastKnownFileType = sourcecode.c.h; path = AppDelegate.h; sourceTree = "<group>"; };
		5AB1727B18C433470080A91A /* AppDelegate.m */ = {isa = PBXFileReference; lastKnownFileType = sourcecode.c.objc; path = AppDelegate.m; sourceTree = "<group>"; };
		5AB1727E18C433470080A91A /* Base */ = {isa = PBXFileReference; lastKnownFileType = file.storyboard; name = Base; path = Base.lproj/Main.storyboard; sourceTree = "<group>"; };
		5AB1728018C433470080A91A /* ViewController.h */ = {isa = PBXFileReference; lastKnownFileType = sourcecode.c.h; path = ViewController.h; sourceTree = "<group>"; };
		5AB1728118C433470080A91A /* ViewController.m */ = {isa = PBXFileReference; lastKnownFileType = sourcecode.c.objc; path = ViewController.m; sourceTree = "<group>"; };
		5AB1728318C433470080A91A /* Images.xcassets */ = {isa = PBXFileReference; lastKnownFileType = folder.assetcatalog; path = Images.xcassets; sourceTree = "<group>"; };
		5AB1728918C433470080A91A /* ModalViewSampleTests.xctest */ = {isa = PBXFileReference; explicitFileType = wrapper.cfbundle; includeInIndex = 0; path = ModalViewSampleTests.xctest; sourceTree = BUILT_PRODUCTS_DIR; };
		5AB1728A18C433470080A91A /* XCTest.framework */ = {isa = PBXFileReference; lastKnownFileType = wrapper.framework; name = XCTest.framework; path = Library/Frameworks/XCTest.framework; sourceTree = DEVELOPER_DIR; };
		5AB1729218C433470080A91A /* ModalViewSampleTests-Info.plist */ = {isa = PBXFileReference; lastKnownFileType = text.plist.xml; path = "ModalViewSampleTests-Info.plist"; sourceTree = "<group>"; };
		5AB1729418C433470080A91A /* en */ = {isa = PBXFileReference; lastKnownFileType = text.plist.strings; name = en; path = en.lproj/InfoPlist.strings; sourceTree = "<group>"; };
		5AB1729618C433470080A91A /* ModalViewSampleTests.m */ = {isa = PBXFileReference; lastKnownFileType = sourcecode.c.objc; path = ModalViewSampleTests.m; sourceTree = "<group>"; };
		5AB172A018C434960080A91A /* RegisterViewController.h */ = {isa = PBXFileReference; fileEncoding = 4; lastKnownFileType = sourcecode.c.h; path = RegisterViewController.h; sourceTree = "<group>"; };
		5AB172A118C434960080A91A /* RegisterViewController.m */ = {isa = PBXFileReference; fileEncoding = 4; lastKnownFileType = sourcecode.c.objc; path = RegisterViewController.m; sourceTree = "<group>"; };
/* End PBXFileReference section */

/* Begin PBXFrameworksBuildPhase section */
		5AB1726518C433470080A91A /* Frameworks */ = {
			isa = PBXFrameworksBuildPhase;
			buildActionMask = 2147483647;
			files = (
				5AB1726E18C433470080A91A /* CoreGraphics.framework in Frameworks */,
				5AB1727018C433470080A91A /* UIKit.framework in Frameworks */,
				5AB1726C18C433470080A91A /* Foundation.framework in Frameworks */,
			);
			runOnlyForDeploymentPostprocessing = 0;
		};
		5AB1728618C433470080A91A /* Frameworks */ = {
			isa = PBXFrameworksBuildPhase;
			buildActionMask = 2147483647;
			files = (
				5AB1728B18C433470080A91A /* XCTest.framework in Frameworks */,
				5AB1728D18C433470080A91A /* UIKit.framework in Frameworks */,
				5AB1728C18C433470080A91A /* Foundation.framework in Frameworks */,
			);
			runOnlyForDeploymentPostprocessing = 0;
		};
/* End PBXFrameworksBuildPhase section */

/* Begin PBXGroup section */
		5AB1725F18C433470080A91A = {
			isa = PBXGroup;
			children = (
				5AB1727118C433470080A91A /* ModalViewSample */,
				5AB1729018C433470080A91A /* ModalViewSampleTests */,
				5AB1726A18C433470080A91A /* Frameworks */,
				5AB1726918C433470080A91A /* Products */,
			);
			sourceTree = "<group>";
		};
		5AB1726918C433470080A91A /* Products */ = {
			isa = PBXGroup;
			children = (
				5AB1726818C433470080A91A /* ModalViewSample.app */,
				5AB1728918C433470080A91A /* ModalViewSampleTests.xctest */,
			);
			name = Products;
			sourceTree = "<group>";
		};
		5AB1726A18C433470080A91A /* Frameworks */ = {
			isa = PBXGroup;
			children = (
				5AB1726B18C433470080A91A /* Foundation.framework */,
				5AB1726D18C433470080A91A /* CoreGraphics.framework */,
				5AB1726F18C433470080A91A /* UIKit.framework */,
				5AB1728A18C433470080A91A /* XCTest.framework */,
			);
			name = Frameworks;
			sourceTree = "<group>";
		};
		5AB1727118C433470080A91A /* ModalViewSample */ = {
			isa = PBXGroup;
			children = (
				5AB172A018C434960080A91A /* RegisterViewController.h */,
				5AB172A118C434960080A91A /* RegisterViewController.m */,
				5AB1727A18C433470080A91A /* AppDelegate.h */,
				5AB1727B18C433470080A91A /* AppDelegate.m */,
				5AB1727D18C433470080A91A /* Main.storyboard */,
				5AB1728018C433470080A91A /* ViewController.h */,
				5AB1728118C433470080A91A /* ViewController.m */,
				5AB1728318C433470080A91A /* Images.xcassets */,
				5AB1727218C433470080A91A /* Supporting Files */,
			);
			path = ModalViewSample;
			sourceTree = "<group>";
		};
		5AB1727218C433470080A91A /* Supporting Files */ = {
			isa = PBXGroup;
			children = (
				5AB1727318C433470080A91A /* ModalViewSample-Info.plist */,
				5AB1727418C433470080A91A /* InfoPlist.strings */,
				5AB1727718C433470080A91A /* main.m */,
				5AB1727918C433470080A91A /* ModalViewSample-Prefix.pch */,
			);
			name = "Supporting Files";
			sourceTree = "<group>";
		};
		5AB1729018C433470080A91A /* ModalViewSampleTests */ = {
			isa = PBXGroup;
			children = (
				5AB1729618C433470080A91A /* ModalViewSampleTests.m */,
				5AB1729118C433470080A91A /* Supporting Files */,
			);
			path = ModalViewSampleTests;
			sourceTree = "<group>";
		};
		5AB1729118C433470080A91A /* Supporting Files */ = {
			isa = PBXGroup;
			children = (
				5AB1729218C433470080A91A /* ModalViewSampleTests-Info.plist */,
				5AB1729318C433470080A91A /* InfoPlist.strings */,
			);
			name = "Supporting Files";
			sourceTree = "<group>";
		};
/* End PBXGroup section */

/* Begin PBXNativeTarget section */
		5AB1726718C433470080A91A /* ModalViewSample */ = {
			isa = PBXNativeTarget;
			buildConfigurationList = 5AB1729A18C433470080A91A /* Build configuration list for PBXNativeTarget "ModalViewSample" */;
			buildPhases = (
				5AB1726418C433470080A91A /* Sources */,
				5AB1726518C433470080A91A /* Frameworks */,
				5AB1726618C433470080A91A /* Resources */,
			);
			buildRules = (
			);
			dependencies = (
			);
			name = ModalViewSample;
			productName = ModalViewSample;
			productReference = 5AB1726818C433470080A91A /* ModalViewSample.app */;
			productType = "com.apple.product-type.application";
		};
		5AB1728818C433470080A91A /* ModalViewSampleTests */ = {
			isa = PBXNativeTarget;
			buildConfigurationList = 5AB1729D18C433470080A91A /* Build configuration list for PBXNativeTarget "ModalViewSampleTests" */;
			buildPhases = (
				5AB1728518C433470080A91A /* Sources */,
				5AB1728618C433470080A91A /* Frameworks */,
				5AB1728718C433470080A91A /* Resources */,
			);
			buildRules = (
			);
			dependencies = (
				5AB1728F18C433470080A91A /* PBXTargetDependency */,
			);
			name = ModalViewSampleTests;
			productName = ModalViewSampleTests;
			productReference = 5AB1728918C433470080A91A /* ModalViewSampleTests.xctest */;
			productType = "com.apple.product-type.bundle.unit-test";
		};
/* End PBXNativeTarget section */

/* Begin PBXProject section */
		5AB1726018C433470080A91A /* Project object */ = {
			isa = PBXProject;
			attributes = {
				LastUpgradeCheck = 0500;
				ORGANIZATIONNAME = timtang;
				TargetAttributes = {
					5AB1728818C433470080A91A = {
						TestTargetID = 5AB1726718C433470080A91A;
					};
				};
			};
			buildConfigurationList = 5AB1726318C433470080A91A /* Build configuration list for PBXProject "ModalViewSample" */;
			compatibilityVersion = "Xcode 3.2";
			developmentRegion = English;
			hasScannedForEncodings = 0;
			knownRegions = (
				en,
				Base,
			);
			mainGroup = 5AB1725F18C433470080A91A;
			productRefGroup = 5AB1726918C433470080A91A /* Products */;
			projectDirPath = "";
			projectRoot = "";
			targets = (
				5AB1726718C433470080A91A /* ModalViewSample */,
				5AB1728818C433470080A91A /* ModalViewSampleTests */,
			);
		};
/* End PBXProject section */

/* Begin PBXResourcesBuildPhase section */
		5AB1726618C433470080A91A /* Resources */ = {
			isa = PBXResourcesBuildPhase;
			buildActionMask = 2147483647;
			files = (
				5AB1728418C433470080A91A /* Images.xcassets in Resources */,
				5AB1727618C433470080A91A /* InfoPlist.strings in Resources */,
				5AB1727F18C433470080A91A /* Main.storyboard in Resources */,
			);
			runOnlyForDeploymentPostprocessing = 0;
		};
		5AB1728718C433470080A91A /* Resources */ = {
			isa = PBXResourcesBuildPhase;
			buildActionMask = 2147483647;
			files = (
				5AB1729518C433470080A91A /* InfoPlist.strings in Resources */,
			);
			runOnlyForDeploymentPostprocessing = 0;
		};
/* End PBXResourcesBuildPhase section */

/* Begin PBXSourcesBuildPhase section */
		5AB1726418C433470080A91A /* Sources */ = {
			isa = PBXSourcesBuildPhase;
			buildActionMask = 2147483647;
			files = (
				5AB1728218C433470080A91A /* ViewController.m in Sources */,
				5AB1727C18C433470080A91A /* AppDelegate.m in Sources */,
				5AB1727818C433470080A91A /* main.m in Sources */,
				5AB172A218C434960080A91A /* RegisterViewController.m in Sources */,
			);
			runOnlyForDeploymentPostprocessing = 0;
		};
		5AB1728518C433470080A91A /* Sources */ = {
			isa = PBXSourcesBuildPhase;
			buildActionMask = 2147483647;
			files = (
				5AB1729718C433470080A91A /* ModalViewSampleTests.m in Sources */,
			);
			runOnlyForDeploymentPostprocessing = 0;
		};
/* End PBXSourcesBuildPhase section */

/* Begin PBXTargetDependency section */
		5AB1728F18C433470080A91A /* PBXTargetDependency */ = {
			isa = PBXTargetDependency;
			target = 5AB1726718C433470080A91A /* ModalViewSample */;
			targetProxy = 5AB1728E18C433470080A91A /* PBXContainerItemProxy */;
		};
/* End PBXTargetDependency section */

/* Begin PBXVariantGroup section */
		5AB1727418C433470080A91A /* InfoPlist.strings */ = {
			isa = PBXVariantGroup;
			children = (
				5AB1727518C433470080A91A /* en */,
			);
			name = InfoPlist.strings;
			sourceTree = "<group>";
		};
		5AB1727D18C433470080A91A /* Main.storyboard */ = {
			isa = PBXVariantGroup;
			children = (
				5AB1727E18C433470080A91A /* Base */,
			);
			name = Main.storyboard;
			sourceTree = "<group>";
		};
		5AB1729318C433470080A91A /* InfoPlist.strings */ = {
			isa = PBXVariantGroup;
			children = (
				5AB1729418C433470080A91A /* en */,
			);
			name = InfoPlist.strings;
			sourceTree = "<group>";
		};
/* End PBXVariantGroup section */

/* Begin XCBuildConfiguration section */
		5AB1729818C433470080A91A /* Debug */ = {
			isa = XCBuildConfiguration;
			buildSettings = {
				ALWAYS_SEARCH_USER_PATHS = NO;
				ARCHS = "$(ARCHS_STANDARD_INCLUDING_64_BIT)";
				CLANG_CXX_LANGUAGE_STANDARD = "gnu++0x";
				CLANG_CXX_LIBRARY = "libc++";
				CLANG_ENABLE_MODULES = YES;
				CLANG_ENABLE_OBJC_ARC = YES;
				CLANG_WARN_BOOL_CONVERSION = YES;
				CLANG_WARN_CONSTANT_CONVERSION = YES;
				CLANG_WARN_DIRECT_OBJC_ISA_USAGE = YES_ERROR;
				CLANG_WARN_EMPTY_BODY = YES;
				CLANG_WARN_ENUM_CONVERSION = YES;
				CLANG_WARN_INT_CONVERSION = YES;
				CLANG_WARN_OBJC_ROOT_CLASS = YES_ERROR;
				CLANG_WARN__DUPLICATE_METHOD_MATCH = YES;
				"CODE_SIGN_IDENTITY[sdk=iphoneos*]" = "iPhone Developer";
				COPY_PHASE_STRIP = NO;
				GCC_C_LANGUAGE_STANDARD = gnu99;
				GCC_DYNAMIC_NO_PIC = NO;
				GCC_OPTIMIZATION_LEVEL = 0;
				GCC_PREPROCESSOR_DEFINITIONS = (
					"DEBUG=1",
					"$(inherited)",
				);
				GCC_SYMBOLS_PRIVATE_EXTERN = NO;
				GCC_WARN_64_TO_32_BIT_CONVERSION = YES;
				GCC_WARN_ABOUT_RETURN_TYPE = YES_ERROR;
				GCC_WARN_UNDECLARED_SELECTOR = YES;
				GCC_WARN_UNINITIALIZED_AUTOS = YES;
				GCC_WARN_UNUSED_FUNCTION = YES;
				GCC_WARN_UNUSED_VARIABLE = YES;
				IPHONEOS_DEPLOYMENT_TARGET = 7.0;
				ONLY_ACTIVE_ARCH = YES;
				SDKROOT = iphoneos;
			};
			name = Debug;
		};
		5AB1729918C433470080A91A /* Release */ = {
			isa = XCBuildConfiguration;
			buildSettings = {
				ALWAYS_SEARCH_USER_PATHS = NO;
				ARCHS = "$(ARCHS_STANDARD_INCLUDING_64_BIT)";
				CLANG_CXX_LANGUAGE_STANDARD = "gnu++0x";
				CLANG_CXX_LIBRARY = "libc++";
				CLANG_ENABLE_MODULES = YES;
				CLANG_ENABLE_OBJC_ARC = YES;
				CLANG_WARN_BOOL_CONVERSION = YES;
				CLANG_WARN_CONSTANT_CONVERSION = YES;
				CLANG_WARN_DIRECT_OBJC_ISA_USAGE = YES_ERROR;
				CLANG_WARN_EMPTY_BODY = YES;
				CLANG_WARN_ENUM_CONVERSION = YES;
				CLANG_WARN_INT_CONVERSION = YES;
				CLANG_WARN_OBJC_ROOT_CLASS = YES_ERROR;
				CLANG_WARN__DUPLICATE_METHOD_MATCH = YES;
				"CODE_SIGN_IDENTITY[sdk=iphoneos*]" = "iPhone Developer";
				COPY_PHASE_STRIP = YES;
				ENABLE_NS_ASSERTIONS = NO;
				GCC_C_LANGUAGE_STANDARD = gnu99;
				GCC_WARN_64_TO_32_BIT_CONVERSION = YES;
				GCC_WARN_ABOUT_RETURN_TYPE = YES_ERROR;
				GCC_WARN_UNDECLARED_SELECTOR = YES;
				GCC_WARN_UNINITIALIZED_AUTOS = YES;
				GCC_WARN_UNUSED_FUNCTION = YES;
				GCC_WARN_UNUSED_VARIABLE = YES;
				IPHONEOS_DEPLOYMENT_TARGET = 7.0;
				SDKROOT = iphoneos;
				VALIDATE_PRODUCT = YES;
			};
			name = Release;
		};
		5AB1729B18C433470080A91A /* Debug */ = {
			isa = XCBuildConfiguration;
			buildSettings = {
				ASSETCATALOG_COMPILER_APPICON_NAME = AppIcon;
				ASSETCATALOG_COMPILER_LAUNCHIMAGE_NAME = LaunchImage;
				GCC_PRECOMPILE_PREFIX_HEADER = YES;
				GCC_PREFIX_HEADER = "ModalViewSample/ModalViewSample-Prefix.pch";
				INFOPLIST_FILE = "ModalViewSample/ModalViewSample-Info.plist";
				PRODUCT_NAME = "$(TARGET_NAME)";
				WRAPPER_EXTENSION = app;
			};
			name = Debug;
		};
		5AB1729C18C433470080A91A /* Release */ = {
			isa = XCBuildConfiguration;
			buildSettings = {
				ASSETCATALOG_COMPILER_APPICON_NAME = AppIcon;
				ASSETCATALOG_COMPILER_LAUNCHIMAGE_NAME = LaunchImage;
				GCC_PRECOMPILE_PREFIX_HEADER = YES;
				GCC_PREFIX_HEADER = "ModalViewSample/ModalViewSample-Prefix.pch";
				INFOPLIST_FILE = "ModalViewSample/ModalViewSample-Info.plist";
				PRODUCT_NAME = "$(TARGET_NAME)";
				WRAPPER_EXTENSION = app;
			};
			name = Release;
		};
		5AB1729E18C433470080A91A /* Debug */ = {
			isa = XCBuildConfiguration;
			buildSettings = {
				ARCHS = "$(ARCHS_STANDARD_INCLUDING_64_BIT)";
				BUNDLE_LOADER = "$(BUILT_PRODUCTS_DIR)/ModalViewSample.app/ModalViewSample";
				FRAMEWORK_SEARCH_PATHS = (
					"$(SDKROOT)/Developer/Library/Frameworks",
					"$(inherited)",
					"$(DEVELOPER_FRAMEWORKS_DIR)",
				);
				GCC_PRECOMPILE_PREFIX_HEADER = YES;
				GCC_PREFIX_HEADER = "ModalViewSample/ModalViewSample-Prefix.pch";
				GCC_PREPROCESSOR_DEFINITIONS = (
					"DEBUG=1",
					"$(inherited)",
				);
				INFOPLIST_FILE = "ModalViewSampleTests/ModalViewSampleTests-Info.plist";
				PRODUCT_NAME = "$(TARGET_NAME)";
				TEST_HOST = "$(BUNDLE_LOADER)";
				WRAPPER_EXTENSION = xctest;
			};
			name = Debug;
		};
		5AB1729F18C433470080A91A /* Release */ = {
			isa = XCBuildConfiguration;
			buildSettings = {
				ARCHS = "$(ARCHS_STANDARD_INCLUDING_64_BIT)";
				BUNDLE_LOADER = "$(BUILT_PRODUCTS_DIR)/ModalViewSample.app/ModalViewSample";
				FRAMEWORK_SEARCH_PATHS = (
					"$(SDKROOT)/Developer/Library/Frameworks",
					"$(inherited)",
					"$(DEVELOPER_FRAMEWORKS_DIR)",
				);
				GCC_PRECOMPILE_PREFIX_HEADER = YES;
				GCC_PREFIX_HEADER = "ModalViewSample/ModalViewSample-Prefix.pch";
				INFOPLIST_FILE = "ModalViewSampleTests/ModalViewSampleTests-Info.plist";
				PRODUCT_NAME = "$(TARGET_NAME)";
				TEST_HOST = "$(BUNDLE_LOADER)";
				WRAPPER_EXTENSION = xctest;
			};
			name = Release;
		};
/* End XCBuildConfiguration section */

/* Begin XCConfigurationList section */
		5AB1726318C433470080A91A /* Build configuration list for PBXProject "ModalViewSample" */ = {
			isa = XCConfigurationList;
			buildConfigurations = (
				5AB1729818C433470080A91A /* Debug */,
				5AB1729918C433470080A91A /* Release */,
			);
			defaultConfigurationIsVisible = 0;
			defaultConfigurationName = Release;
		};
		5AB1729A18C433470080A91A /* Build configuration list for PBXNativeTarget "ModalViewSample" */ = {
			isa = XCConfigurationList;
			buildConfigurations = (
				5AB1729B18C433470080A91A /* Debug */,
				5AB1729C18C433470080A91A /* Release */,
			);
			defaultConfigurationIsVisible = 0;
		};
		5AB1729D18C433470080A91A /* Build configuration list for PBXNativeTarget "ModalViewSampleTests" */ = {
			isa = XCConfigurationList;
			buildConfigurations = (
				5AB1729E18C433470080A91A /* Debug */,
				5AB1729F18C433470080A91A /* Release */,
			);
			defaultConfigurationIsVisible = 0;
		};
/* End XCConfigurationList section */
	};
	rootObject = 5AB1726018C433470080A91A /* Project object */;
}
