// !$*UTF8*$!
{
	archiveVersion = 1;
	classes = {
	};
	objectVersion = 46;
	objects = {

/* Begin PBXBuildFile section */
		5AB9647C18EB0A9300CE93CB /* Foundation.framework in Frameworks */ = {isa = PBXBuildFile; fileRef = 5AB9647B18EB0A9300CE93CB /* Foundation.framework */; };
		5AB9647E18EB0A9300CE93CB /* CoreGraphics.framework in Frameworks */ = {isa = PBXBuildFile; fileRef = 5AB9647D18EB0A9300CE93CB /* CoreGraphics.framework */; };
		5AB9648018EB0A9300CE93CB /* UIKit.framework in Frameworks */ = {isa = PBXBuildFile; fileRef = 5AB9647F18EB0A9300CE93CB /* UIKit.framework */; };
		5AB9648618EB0A9300CE93CB /* InfoPlist.strings in Resources */ = {isa = PBXBuildFile; fileRef = 5AB9648418EB0A9300CE93CB /* InfoPlist.strings */; };
		5AB9648818EB0A9300CE93CB /* main.m in Sources */ = {isa = PBXBuildFile; fileRef = 5AB9648718EB0A9300CE93CB /* main.m */; };
		5AB9648C18EB0A9300CE93CB /* AppDelegate.m in Sources */ = {isa = PBXBuildFile; fileRef = 5AB9648B18EB0A9300CE93CB /* AppDelegate.m */; };
		5AB9648F18EB0A9300CE93CB /* Main.storyboard in Resources */ = {isa = PBXBuildFile; fileRef = 5AB9648D18EB0A9300CE93CB /* Main.storyboard */; };
		5AB9649218EB0A9300CE93CB /* ViewController.m in Sources */ = {isa = PBXBuildFile; fileRef = 5AB9649118EB0A9300CE93CB /* ViewController.m */; };
		5AB9649418EB0A9300CE93CB /* Images.xcassets in Resources */ = {isa = PBXBuildFile; fileRef = 5AB9649318EB0A9300CE93CB /* Images.xcassets */; };
		5AB9649B18EB0A9300CE93CB /* XCTest.framework in Frameworks */ = {isa = PBXBuildFile; fileRef = 5AB9649A18EB0A9300CE93CB /* XCTest.framework */; };
		5AB9649C18EB0A9300CE93CB /* Foundation.framework in Frameworks */ = {isa = PBXBuildFile; fileRef = 5AB9647B18EB0A9300CE93CB /* Foundation.framework */; };
		5AB9649D18EB0A9300CE93CB /* UIKit.framework in Frameworks */ = {isa = PBXBuildFile; fileRef = 5AB9647F18EB0A9300CE93CB /* UIKit.framework */; };
		5AB964A518EB0A9300CE93CB /* InfoPlist.strings in Resources */ = {isa = PBXBuildFile; fileRef = 5AB964A318EB0A9300CE93CB /* InfoPlist.strings */; };
		5AB964A718EB0A9300CE93CB /* TwoPickerTests.m in Sources */ = {isa = PBXBuildFile; fileRef = 5AB964A618EB0A9300CE93CB /* TwoPickerTests.m */; };
/* End PBXBuildFile section */

/* Begin PBXContainerItemProxy section */
		5AB9649E18EB0A9300CE93CB /* PBXContainerItemProxy */ = {
			isa = PBXContainerItemProxy;
			containerPortal = 5AB9647018EB0A9300CE93CB /* Project object */;
			proxyType = 1;
			remoteGlobalIDString = 5AB9647718EB0A9300CE93CB;
			remoteInfo = TwoPicker;
		};
/* End PBXContainerItemProxy section */

/* Begin PBXFileReference section */
		5AB9647818EB0A9300CE93CB /* TwoPicker.app */ = {isa = PBXFileReference; explicitFileType = wrapper.application; includeInIndex = 0; path = TwoPicker.app; sourceTree = BUILT_PRODUCTS_DIR; };
		5AB9647B18EB0A9300CE93CB /* Foundation.framework */ = {isa = PBXFileReference; lastKnownFileType = wrapper.framework; name = Foundation.framework; path = System/Library/Frameworks/Foundation.framework; sourceTree = SDKROOT; };
		5AB9647D18EB0A9300CE93CB /* CoreGraphics.framework */ = {isa = PBXFileReference; lastKnownFileType = wrapper.framework; name = CoreGraphics.framework; path = System/Library/Frameworks/CoreGraphics.framework; sourceTree = SDKROOT; };
		5AB9647F18EB0A9300CE93CB /* UIKit.framework */ = {isa = PBXFileReference; lastKnownFileType = wrapper.framework; name = UIKit.framework; path = System/Library/Frameworks/UIKit.framework; sourceTree = SDKROOT; };
		5AB9648318EB0A9300CE93CB /* TwoPicker-Info.plist */ = {isa = PBXFileReference; lastKnownFileType = text.plist.xml; path = "TwoPicker-Info.plist"; sourceTree = "<group>"; };
		5AB9648518EB0A9300CE93CB /* en */ = {isa = PBXFileReference; lastKnownFileType = text.plist.strings; name = en; path = en.lproj/InfoPlist.strings; sourceTree = "<group>"; };
		5AB9648718EB0A9300CE93CB /* main.m */ = {isa = PBXFileReference; lastKnownFileType = sourcecode.c.objc; path = main.m; sourceTree = "<group>"; };
		5AB9648918EB0A9300CE93CB /* TwoPicker-Prefix.pch */ = {isa = PBXFileReference; lastKnownFileType = sourcecode.c.h; path = "TwoPicker-Prefix.pch"; sourceTree = "<group>"; };
		5AB9648A18EB0A9300CE93CB /* AppDelegate.h */ = {isa = PBXFileReference; lastKnownFileType = sourcecode.c.h; path = AppDelegate.h; sourceTree = "<group>"; };
		5AB9648B18EB0A9300CE93CB /* AppDelegate.m */ = {isa = PBXFileReference; lastKnownFileType = sourcecode.c.objc; path = AppDelegate.m; sourceTree = "<group>"; };
		5AB9648E18EB0A9300CE93CB /* Base */ = {isa = PBXFileReference; lastKnownFileType = file.storyboard; name = Base; path = Base.lproj/Main.storyboard; sourceTree = "<group>"; };
		5AB9649018EB0A9300CE93CB /* ViewController.h */ = {isa = PBXFileReference; lastKnownFileType = sourcecode.c.h; path = ViewController.h; sourceTree = "<group>"; };
		5AB9649118EB0A9300CE93CB /* ViewController.m */ = {isa = PBXFileReference; lastKnownFileType = sourcecode.c.objc; path = ViewController.m; sourceTree = "<group>"; };
		5AB9649318EB0A9300CE93CB /* Images.xcassets */ = {isa = PBXFileReference; lastKnownFileType = folder.assetcatalog; path = Images.xcassets; sourceTree = "<group>"; };
		5AB9649918EB0A9300CE93CB /* TwoPickerTests.xctest */ = {isa = PBXFileReference; explicitFileType = wrapper.cfbundle; includeInIndex = 0; path = TwoPickerTests.xctest; sourceTree = BUILT_PRODUCTS_DIR; };
		5AB9649A18EB0A9300CE93CB /* XCTest.framework */ = {isa = PBXFileReference; lastKnownFileType = wrapper.framework; name = XCTest.framework; path = Library/Frameworks/XCTest.framework; sourceTree = DEVELOPER_DIR; };
		5AB964A218EB0A9300CE93CB /* TwoPickerTests-Info.plist */ = {isa = PBXFileReference; lastKnownFileType = text.plist.xml; path = "TwoPickerTests-Info.plist"; sourceTree = "<group>"; };
		5AB964A418EB0A9300CE93CB /* en */ = {isa = PBXFileReference; lastKnownFileType = text.plist.strings; name = en; path = en.lproj/InfoPlist.strings; sourceTree = "<group>"; };
		5AB964A618EB0A9300CE93CB /* TwoPickerTests.m */ = {isa = PBXFileReference; lastKnownFileType = sourcecode.c.objc; path = TwoPickerTests.m; sourceTree = "<group>"; };
/* End PBXFileReference section */

/* Begin PBXFrameworksBuildPhase section */
		5AB9647518EB0A9300CE93CB /* Frameworks */ = {
			isa = PBXFrameworksBuildPhase;
			buildActionMask = 2147483647;
			files = (
				5AB9647E18EB0A9300CE93CB /* CoreGraphics.framework in Frameworks */,
				5AB9648018EB0A9300CE93CB /* UIKit.framework in Frameworks */,
				5AB9647C18EB0A9300CE93CB /* Foundation.framework in Frameworks */,
			);
			runOnlyForDeploymentPostprocessing = 0;
		};
		5AB9649618EB0A9300CE93CB /* Frameworks */ = {
			isa = PBXFrameworksBuildPhase;
			buildActionMask = 2147483647;
			files = (
				5AB9649B18EB0A9300CE93CB /* XCTest.framework in Frameworks */,
				5AB9649D18EB0A9300CE93CB /* UIKit.framework in Frameworks */,
				5AB9649C18EB0A9300CE93CB /* Foundation.framework in Frameworks */,
			);
			runOnlyForDeploymentPostprocessing = 0;
		};
/* End PBXFrameworksBuildPhase section */

/* Begin PBXGroup section */
		5AB9646F18EB0A9300CE93CB = {
			isa = PBXGroup;
			children = (
				5AB9648118EB0A9300CE93CB /* TwoPicker */,
				5AB964A018EB0A9300CE93CB /* TwoPickerTests */,
				5AB9647A18EB0A9300CE93CB /* Frameworks */,
				5AB9647918EB0A9300CE93CB /* Products */,
			);
			sourceTree = "<group>";
		};
		5AB9647918EB0A9300CE93CB /* Products */ = {
			isa = PBXGroup;
			children = (
				5AB9647818EB0A9300CE93CB /* TwoPicker.app */,
				5AB9649918EB0A9300CE93CB /* TwoPickerTests.xctest */,
			);
			name = Products;
			sourceTree = "<group>";
		};
		5AB9647A18EB0A9300CE93CB /* Frameworks */ = {
			isa = PBXGroup;
			children = (
				5AB9647B18EB0A9300CE93CB /* Foundation.framework */,
				5AB9647D18EB0A9300CE93CB /* CoreGraphics.framework */,
				5AB9647F18EB0A9300CE93CB /* UIKit.framework */,
				5AB9649A18EB0A9300CE93CB /* XCTest.framework */,
			);
			name = Frameworks;
			sourceTree = "<group>";
		};
		5AB9648118EB0A9300CE93CB /* TwoPicker */ = {
			isa = PBXGroup;
			children = (
				5AB9648A18EB0A9300CE93CB /* AppDelegate.h */,
				5AB9648B18EB0A9300CE93CB /* AppDelegate.m */,
				5AB9648D18EB0A9300CE93CB /* Main.storyboard */,
				5AB9649018EB0A9300CE93CB /* ViewController.h */,
				5AB9649118EB0A9300CE93CB /* ViewController.m */,
				5AB9649318EB0A9300CE93CB /* Images.xcassets */,
				5AB9648218EB0A9300CE93CB /* Supporting Files */,
			);
			path = TwoPicker;
			sourceTree = "<group>";
		};
		5AB9648218EB0A9300CE93CB /* Supporting Files */ = {
			isa = PBXGroup;
			children = (
				5AB9648318EB0A9300CE93CB /* TwoPicker-Info.plist */,
				5AB9648418EB0A9300CE93CB /* InfoPlist.strings */,
				5AB9648718EB0A9300CE93CB /* main.m */,
				5AB9648918EB0A9300CE93CB /* TwoPicker-Prefix.pch */,
			);
			name = "Supporting Files";
			sourceTree = "<group>";
		};
		5AB964A018EB0A9300CE93CB /* TwoPickerTests */ = {
			isa = PBXGroup;
			children = (
				5AB964A618EB0A9300CE93CB /* TwoPickerTests.m */,
				5AB964A118EB0A9300CE93CB /* Supporting Files */,
			);
			path = TwoPickerTests;
			sourceTree = "<group>";
		};
		5AB964A118EB0A9300CE93CB /* Supporting Files */ = {
			isa = PBXGroup;
			children = (
				5AB964A218EB0A9300CE93CB /* TwoPickerTests-Info.plist */,
				5AB964A318EB0A9300CE93CB /* InfoPlist.strings */,
			);
			name = "Supporting Files";
			sourceTree = "<group>";
		};
/* End PBXGroup section */

/* Begin PBXNativeTarget section */
		5AB9647718EB0A9300CE93CB /* TwoPicker */ = {
			isa = PBXNativeTarget;
			buildConfigurationList = 5AB964AA18EB0A9300CE93CB /* Build configuration list for PBXNativeTarget "TwoPicker" */;
			buildPhases = (
				5AB9647418EB0A9300CE93CB /* Sources */,
				5AB9647518EB0A9300CE93CB /* Frameworks */,
				5AB9647618EB0A9300CE93CB /* Resources */,
			);
			buildRules = (
			);
			dependencies = (
			);
			name = TwoPicker;
			productName = TwoPicker;
			productReference = 5AB9647818EB0A9300CE93CB /* TwoPicker.app */;
			productType = "com.apple.product-type.application";
		};
		5AB9649818EB0A9300CE93CB /* TwoPickerTests */ = {
			isa = PBXNativeTarget;
			buildConfigurationList = 5AB964AD18EB0A9300CE93CB /* Build configuration list for PBXNativeTarget "TwoPickerTests" */;
			buildPhases = (
				5AB9649518EB0A9300CE93CB /* Sources */,
				5AB9649618EB0A9300CE93CB /* Frameworks */,
				5AB9649718EB0A9300CE93CB /* Resources */,
			);
			buildRules = (
			);
			dependencies = (
				5AB9649F18EB0A9300CE93CB /* PBXTargetDependency */,
			);
			name = TwoPickerTests;
			productName = TwoPickerTests;
			productReference = 5AB9649918EB0A9300CE93CB /* TwoPickerTests.xctest */;
			productType = "com.apple.product-type.bundle.unit-test";
		};
/* End PBXNativeTarget section */

/* Begin PBXProject section */
		5AB9647018EB0A9300CE93CB /* Project object */ = {
			isa = PBXProject;
			attributes = {
				LastUpgradeCheck = 0510;
				ORGANIZATIONNAME = v5mcs;
				TargetAttributes = {
					5AB9649818EB0A9300CE93CB = {
						TestTargetID = 5AB9647718EB0A9300CE93CB;
					};
				};
			};
			buildConfigurationList = 5AB9647318EB0A9300CE93CB /* Build configuration list for PBXProject "TwoPicker" */;
			compatibilityVersion = "Xcode 3.2";
			developmentRegion = English;
			hasScannedForEncodings = 0;
			knownRegions = (
				en,
				Base,
			);
			mainGroup = 5AB9646F18EB0A9300CE93CB;
			productRefGroup = 5AB9647918EB0A9300CE93CB /* Products */;
			projectDirPath = "";
			projectRoot = "";
			targets = (
				5AB9647718EB0A9300CE93CB /* TwoPicker */,
				5AB9649818EB0A9300CE93CB /* TwoPickerTests */,
			);
		};
/* End PBXProject section */

/* Begin PBXResourcesBuildPhase section */
		5AB9647618EB0A9300CE93CB /* Resources */ = {
			isa = PBXResourcesBuildPhase;
			buildActionMask = 2147483647;
			files = (
				5AB9649418EB0A9300CE93CB /* Images.xcassets in Resources */,
				5AB9648618EB0A9300CE93CB /* InfoPlist.strings in Resources */,
				5AB9648F18EB0A9300CE93CB /* Main.storyboard in Resources */,
			);
			runOnlyForDeploymentPostprocessing = 0;
		};
		5AB9649718EB0A9300CE93CB /* Resources */ = {
			isa = PBXResourcesBuildPhase;
			buildActionMask = 2147483647;
			files = (
				5AB964A518EB0A9300CE93CB /* InfoPlist.strings in Resources */,
			);
			runOnlyForDeploymentPostprocessing = 0;
		};
/* End PBXResourcesBuildPhase section */

/* Begin PBXSourcesBuildPhase section */
		5AB9647418EB0A9300CE93CB /* Sources */ = {
			isa = PBXSourcesBuildPhase;
			buildActionMask = 2147483647;
			files = (
				5AB9649218EB0A9300CE93CB /* ViewController.m in Sources */,
				5AB9648C18EB0A9300CE93CB /* AppDelegate.m in Sources */,
				5AB9648818EB0A9300CE93CB /* main.m in Sources */,
			);
			runOnlyForDeploymentPostprocessing = 0;
		};
		5AB9649518EB0A9300CE93CB /* Sources */ = {
			isa = PBXSourcesBuildPhase;
			buildActionMask = 2147483647;
			files = (
				5AB964A718EB0A9300CE93CB /* TwoPickerTests.m in Sources */,
			);
			runOnlyForDeploymentPostprocessing = 0;
		};
/* End PBXSourcesBuildPhase section */

/* Begin PBXTargetDependency section */
		5AB9649F18EB0A9300CE93CB /* PBXTargetDependency */ = {
			isa = PBXTargetDependency;
			target = 5AB9647718EB0A9300CE93CB /* TwoPicker */;
			targetProxy = 5AB9649E18EB0A9300CE93CB /* PBXContainerItemProxy */;
		};
/* End PBXTargetDependency section */

/* Begin PBXVariantGroup section */
		5AB9648418EB0A9300CE93CB /* InfoPlist.strings */ = {
			isa = PBXVariantGroup;
			children = (
				5AB9648518EB0A9300CE93CB /* en */,
			);
			name = InfoPlist.strings;
			sourceTree = "<group>";
		};
		5AB9648D18EB0A9300CE93CB /* Main.storyboard */ = {
			isa = PBXVariantGroup;
			children = (
				5AB9648E18EB0A9300CE93CB /* Base */,
			);
			name = Main.storyboard;
			sourceTree = "<group>";
		};
		5AB964A318EB0A9300CE93CB /* InfoPlist.strings */ = {
			isa = PBXVariantGroup;
			children = (
				5AB964A418EB0A9300CE93CB /* en */,
			);
			name = InfoPlist.strings;
			sourceTree = "<group>";
		};
/* End PBXVariantGroup section */

/* Begin XCBuildConfiguration section */
		5AB964A818EB0A9300CE93CB /* Debug */ = {
			isa = XCBuildConfiguration;
			buildSettings = {
				ALWAYS_SEARCH_USER_PATHS = NO;
				CLANG_CXX_LANGUAGE_STANDARD = "gnu++0x";
				CLANG_CXX_LIBRARY = "libc++";
				CLANG_ENABLE_MODULES = YES;
				CLANG_ENABLE_OBJC_ARC = YES;
				CLANG_WARN_BOOL_CONVERSION = YES;
				CLANG_WARN_CONSTANT_CONVERSION = YES;
				CLANG_WARN_DIRECT_OBJC_ISA_USAGE = YES_ERROR;
				CLANG_WARN_EMPTY_BODY = YES;
				CLANG_WARN_ENUM_CONVERSION = YES;
				CLANG_WARN_INT_CONVERSION = YES;
				CLANG_WARN_OBJC_ROOT_CLASS = YES_ERROR;
				CLANG_WARN__DUPLICATE_METHOD_MATCH = YES;
				"CODE_SIGN_IDENTITY[sdk=iphoneos*]" = "iPhone Developer";
				COPY_PHASE_STRIP = NO;
				GCC_C_LANGUAGE_STANDARD = gnu99;
				GCC_DYNAMIC_NO_PIC = NO;
				GCC_OPTIMIZATION_LEVEL = 0;
				GCC_PREPROCESSOR_DEFINITIONS = (
					"DEBUG=1",
					"$(inherited)",
				);
				GCC_SYMBOLS_PRIVATE_EXTERN = NO;
				GCC_WARN_64_TO_32_BIT_CONVERSION = YES;
				GCC_WARN_ABOUT_RETURN_TYPE = YES_ERROR;
				GCC_WARN_UNDECLARED_SELECTOR = YES;
				GCC_WARN_UNINITIALIZED_AUTOS = YES_AGGRESSIVE;
				GCC_WARN_UNUSED_FUNCTION = YES;
				GCC_WARN_UNUSED_VARIABLE = YES;
				IPHONEOS_DEPLOYMENT_TARGET = 7.1;
				ONLY_ACTIVE_ARCH = YES;
				SDKROOT = iphoneos;
			};
			name = Debug;
		};
		5AB964A918EB0A9300CE93CB /* Release */ = {
			isa = XCBuildConfiguration;
			buildSettings = {
				ALWAYS_SEARCH_USER_PATHS = NO;
				CLANG_CXX_LANGUAGE_STANDARD = "gnu++0x";
				CLANG_CXX_LIBRARY = "libc++";
				CLANG_ENABLE_MODULES = YES;
				CLANG_ENABLE_OBJC_ARC = YES;
				CLANG_WARN_BOOL_CONVERSION = YES;
				CLANG_WARN_CONSTANT_CONVERSION = YES;
				CLANG_WARN_DIRECT_OBJC_ISA_USAGE = YES_ERROR;
				CLANG_WARN_EMPTY_BODY = YES;
				CLANG_WARN_ENUM_CONVERSION = YES;
				CLANG_WARN_INT_CONVERSION = YES;
				CLANG_WARN_OBJC_ROOT_CLASS = YES_ERROR;
				CLANG_WARN__DUPLICATE_METHOD_MATCH = YES;
				"CODE_SIGN_IDENTITY[sdk=iphoneos*]" = "iPhone Developer";
				COPY_PHASE_STRIP = YES;
				ENABLE_NS_ASSERTIONS = NO;
				GCC_C_LANGUAGE_STANDARD = gnu99;
				GCC_WARN_64_TO_32_BIT_CONVERSION = YES;
				GCC_WARN_ABOUT_RETURN_TYPE = YES_ERROR;
				GCC_WARN_UNDECLARED_SELECTOR = YES;
				GCC_WARN_UNINITIALIZED_AUTOS = YES_AGGRESSIVE;
				GCC_WARN_UNUSED_FUNCTION = YES;
				GCC_WARN_UNUSED_VARIABLE = YES;
				IPHONEOS_DEPLOYMENT_TARGET = 7.1;
				SDKROOT = iphoneos;
				VALIDATE_PRODUCT = YES;
			};
			name = Release;
		};
		5AB964AB18EB0A9300CE93CB /* Debug */ = {
			isa = XCBuildConfiguration;
			buildSettings = {
				ASSETCATALOG_COMPILER_APPICON_NAME = AppIcon;
				ASSETCATALOG_COMPILER_LAUNCHIMAGE_NAME = LaunchImage;
				GCC_PRECOMPILE_PREFIX_HEADER = YES;
				GCC_PREFIX_HEADER = "TwoPicker/TwoPicker-Prefix.pch";
				INFOPLIST_FILE = "TwoPicker/TwoPicker-Info.plist";
				PRODUCT_NAME = "$(TARGET_NAME)";
				WRAPPER_EXTENSION = app;
			};
			name = Debug;
		};
		5AB964AC18EB0A9300CE93CB /* Release */ = {
			isa = XCBuildConfiguration;
			buildSettings = {
				ASSETCATALOG_COMPILER_APPICON_NAME = AppIcon;
				ASSETCATALOG_COMPILER_LAUNCHIMAGE_NAME = LaunchImage;
				GCC_PRECOMPILE_PREFIX_HEADER = YES;
				GCC_PREFIX_HEADER = "TwoPicker/TwoPicker-Prefix.pch";
				INFOPLIST_FILE = "TwoPicker/TwoPicker-Info.plist";
				PRODUCT_NAME = "$(TARGET_NAME)";
				WRAPPER_EXTENSION = app;
			};
			name = Release;
		};
		5AB964AE18EB0A9300CE93CB /* Debug */ = {
			isa = XCBuildConfiguration;
			buildSettings = {
				BUNDLE_LOADER = "$(BUILT_PRODUCTS_DIR)/TwoPicker.app/TwoPicker";
				FRAMEWORK_SEARCH_PATHS = (
					"$(SDKROOT)/Developer/Library/Frameworks",
					"$(inherited)",
					"$(DEVELOPER_FRAMEWORKS_DIR)",
				);
				GCC_PRECOMPILE_PREFIX_HEADER = YES;
				GCC_PREFIX_HEADER = "TwoPicker/TwoPicker-Prefix.pch";
				GCC_PREPROCESSOR_DEFINITIONS = (
					"DEBUG=1",
					"$(inherited)",
				);
				INFOPLIST_FILE = "TwoPickerTests/TwoPickerTests-Info.plist";
				PRODUCT_NAME = "$(TARGET_NAME)";
				TEST_HOST = "$(BUNDLE_LOADER)";
				WRAPPER_EXTENSION = xctest;
			};
			name = Debug;
		};
		5AB964AF18EB0A9300CE93CB /* Release */ = {
			isa = XCBuildConfiguration;
			buildSettings = {
				BUNDLE_LOADER = "$(BUILT_PRODUCTS_DIR)/TwoPicker.app/TwoPicker";
				FRAMEWORK_SEARCH_PATHS = (
					"$(SDKROOT)/Developer/Library/Frameworks",
					"$(inherited)",
					"$(DEVELOPER_FRAMEWORKS_DIR)",
				);
				GCC_PRECOMPILE_PREFIX_HEADER = YES;
				GCC_PREFIX_HEADER = "TwoPicker/TwoPicker-Prefix.pch";
				INFOPLIST_FILE = "TwoPickerTests/TwoPickerTests-Info.plist";
				PRODUCT_NAME = "$(TARGET_NAME)";
				TEST_HOST = "$(BUNDLE_LOADER)";
				WRAPPER_EXTENSION = xctest;
			};
			name = Release;
		};
/* End XCBuildConfiguration section */

/* Begin XCConfigurationList section */
		5AB9647318EB0A9300CE93CB /* Build configuration list for PBXProject "TwoPicker" */ = {
			isa = XCConfigurationList;
			buildConfigurations = (
				5AB964A818EB0A9300CE93CB /* Debug */,
				5AB964A918EB0A9300CE93CB /* Release */,
			);
			defaultConfigurationIsVisible = 0;
			defaultConfigurationName = Release;
		};
		5AB964AA18EB0A9300CE93CB /* Build configuration list for PBXNativeTarget "TwoPicker" */ = {
			isa = XCConfigurationList;
			buildConfigurations = (
				5AB964AB18EB0A9300CE93CB /* Debug */,
				5AB964AC18EB0A9300CE93CB /* Release */,
			);
			defaultConfigurationIsVisible = 0;
		};
		5AB964AD18EB0A9300CE93CB /* Build configuration list for PBXNativeTarget "TwoPickerTests" */ = {
			isa = XCConfigurationList;
			buildConfigurations = (
				5AB964AE18EB0A9300CE93CB /* Debug */,
				5AB964AF18EB0A9300CE93CB /* Release */,
			);
			defaultConfigurationIsVisible = 0;
		};
/* End XCConfigurationList section */
	};
	rootObject = 5AB9647018EB0A9300CE93CB /* Project object */;
}
